
Microsoft Visual Studio Solution File, Format Version 12.00
# Visual Studio Version 17
VisualStudioVersion = 17.0.32014.148
MinimumVisualStudioVersion = 10.0.40219.1
Project("{FAE04EC0-301F-11D3-BF4B-00C04F79EFBC}") = "Discord Multi Token Generator", "Discord Multi Token Generator\Discord Multi Token Generator.csproj", "{FA46C1CE-B149-44E4-BDBD-CA618F45DA08}"
EndProject
Global
	GlobalSection(SolutionConfigurationPlatforms) = preSolution
		Debug|Any CPU = Debug|Any CPU
		Release|Any CPU = Release|Any CPU
	EndGlobalSection
	GlobalSection(ProjectConfigurationPlatforms) = postSolution
		{FA46C1CE-B149-44E4-BDBD-CA618F45DA08}.Debug|Any CPU.ActiveCfg = Debug|Any CPU
		{FA46C1CE-B149-44E4-BDBD-CA618F45DA08}.Debug|Any CPU.Build.0 = Debug|Any CPU
		{FA46C1CE-B149-44E4-BDBD-CA618F45DA08}.Release|Any CPU.ActiveCfg = Release|Any CPU
		{FA46C1CE-B149-44E4-BDBD-CA618F45DA08}.Release|Any CPU.Build.0 = Release|Any CPU
	EndGlobalSection
	GlobalSection(SolutionProperties) = preSolution
		HideSolutionNode = FALSE
	EndGlobalSection
	GlobalSection(ExtensibilityGlobals) = postSolution
		SolutionGuid = {2C8F6B42-71D3-400C-BF9F-D785E9469FAA}
	EndGlobalSection
EndGlobal
